
Microsoft Visual Studio Solution File, Format Version 12.00
# Visual Studio Version 17
VisualStudioVersion = 17.1.32421.90
MinimumVisualStudioVersion = 10.0.40219.1
Project("{9A19103F-16F7-4668-BE54-9A1E7A4F7556}") = "CommunityOfDevelopers.ExternalShare", "CommunityOfDevelopers.ExternalShare.csproj", "{D3953250-3894-43A4-839C-17174443E2EB}"
EndProject
Project("{9A19103F-16F7-4668-BE54-9A1E7A4F7556}") = "CommunityOfDevelopers.ExternalShare.Test", "..\CommunityOfDevelopers.ExternalShare.Test\CommunityOfDevelopers.ExternalShare.Test.csproj", "{85CC675D-6E22-4E03-ADEE-8C85958B696F}"
EndProject
Project("{FAE04EC0-301F-11D3-BF4B-00C04F79EFBC}") = "CommunityOfDevelopers.ExternalShare.Dto", "..\CommunityOfDevelopers.ExternalShare.Dto\CommunityOfDevelopers.ExternalShare.Dto.csproj", "{94168283-49DD-4C1B-AA92-90C2CF0118C1}"
EndProject
Global
	GlobalSection(SolutionConfigurationPlatforms) = preSolution
		Debug|Any CPU = Debug|Any CPU
		Release|Any CPU = Release|Any CPU
	EndGlobalSection
	GlobalSection(ProjectConfigurationPlatforms) = postSolution
		{D3953250-3894-43A4-839C-17174443E2EB}.Debug|Any CPU.ActiveCfg = Debug|Any CPU
		{D3953250-3894-43A4-839C-17174443E2EB}.Debug|Any CPU.Build.0 = Debug|Any CPU
		{D3953250-3894-43A4-839C-17174443E2EB}.Release|Any CPU.ActiveCfg = Release|Any CPU
		{D3953250-3894-43A4-839C-17174443E2EB}.Release|Any CPU.Build.0 = Release|Any CPU
		{85CC675D-6E22-4E03-ADEE-8C85958B696F}.Debug|Any CPU.ActiveCfg = Debug|Any CPU
		{85CC675D-6E22-4E03-ADEE-8C85958B696F}.Debug|Any CPU.Build.0 = Debug|Any CPU
		{85CC675D-6E22-4E03-ADEE-8C85958B696F}.Release|Any CPU.ActiveCfg = Release|Any CPU
		{85CC675D-6E22-4E03-ADEE-8C85958B696F}.Release|Any CPU.Build.0 = Release|Any CPU
		{94168283-49DD-4C1B-AA92-90C2CF0118C1}.Debug|Any CPU.ActiveCfg = Debug|Any CPU
		{94168283-49DD-4C1B-AA92-90C2CF0118C1}.Debug|Any CPU.Build.0 = Debug|Any CPU
		{94168283-49DD-4C1B-AA92-90C2CF0118C1}.Release|Any CPU.ActiveCfg = Release|Any CPU
		{94168283-49DD-4C1B-AA92-90C2CF0118C1}.Release|Any CPU.Build.0 = Release|Any CPU
	EndGlobalSection
	GlobalSection(SolutionProperties) = preSolution
		HideSolutionNode = FALSE
	EndGlobalSection
	GlobalSection(ExtensibilityGlobals) = postSolution
		SolutionGuid = {A83D875F-D7CD-4655-A2D8-64B9495436AA}
	EndGlobalSection
EndGlobal
